{
    "_readme": [
        "This file locks the dependencies of your project to a known state",
        "Read more about it at https://getcomposer.org/doc/01-basic-usage.md#installing-dependencies",
        "This file is @generated automatically"
    ],
    "content-hash": "279145f1740877f14afc9f81837ef7c6",
    "packages": [
        {
            "name": "nikic/fast-route",
            "version": "2.0.0-beta1",
            "source": {
                "type": "git",
                "url": "https://github.com/nikic/FastRoute.git",
                "reference": "d3ada013d0f683ad2a8d0614fc97917a6ab72ce9"
            },
            "dist": {
                "type": "zip",
                "url": "https://api.github.com/repos/nikic/FastRoute/zipball/d3ada013d0f683ad2a8d0614fc97917a6ab72ce9",
                "reference": "d3ada013d0f683ad2a8d0614fc97917a6ab72ce9",
                "shasum": ""
            },
            "require": {
                "php": ">=8.1.0",
                "psr/simple-cache": "^2.0 || ^3.0"
            },
            "require-dev": {
                "lcobucci/coding-standard": "^11.0",
                "phpbench/phpbench": "^1.2",
                "phpstan/extension-installer": "^1.1",
                "phpstan/phpstan": "^1.10",
                "phpstan/phpstan-deprecation-rules": "^1.1",
                "phpstan/phpstan-phpunit": "^1.3",
                "phpstan/phpstan-strict-rules": "^1.5",
                "phpunit/phpunit": "^10.3"
            },
            "type": "library",
            "extra": {
                "branch-alias": {
                    "dev-master": "2.0-dev"
                }
            },
            "autoload": {
                "files": [
                    "src/functions.php"
                ],
                "psr-4": {
                    "FastRoute\\": "src/"
                }
            },
            "notification-url": "https://packagist.org/downloads/",
            "license": [
                "BSD-3-Clause"
            ],
            "authors": [
                {
                    "name": "Nikita Popov",
                    "email": "nikic@php.net"
                }
            ],
            "description": "Fast request router for PHP",
            "keywords": [
                "router",
                "routing"
            ],
            "support": {
                "issues": "https://github.com/nikic/FastRoute/issues",
                "source": "https://github.com/nikic/FastRoute/tree/2.0.0-beta1"
            },
            "time": "2024-03-04T23:46:43+00:00"
        },
        {
            "name": "psr/container",
            "version": "2.0.2",
            "source": {
                "type": "git",
                "url": "https://github.com/php-fig/container.git",
                "reference": "c71ecc56dfe541dbd90c5360474fbc405f8d5963"
            },
            "dist": {
                "type": "zip",
                "url": "https://api.github.com/repos/php-fig/container/zipball/c71ecc56dfe541dbd90c5360474fbc405f8d5963",
                "reference": "c71ecc56dfe541dbd90c5360474fbc405f8d5963",
                "shasum": ""
            },
            "require": {
                "php": ">=7.4.0"
            },
            "type": "library",
            "extra": {
                "branch-alias": {
                    "dev-master": "2.0.x-dev"
                }
            },
            "autoload": {
                "psr-4": {
                    "Psr\\Container\\": "src/"
                }
            },
            "notification-url": "https://packagist.org/downloads/",
            "license": [
                "MIT"
            ],
            "authors": [
                {
                    "name": "PHP-FIG",
                    "homepage": "https://www.php-fig.org/"
                }
            ],
            "description": "Common Container Interface (PHP FIG PSR-11)",
            "homepage": "https://github.com/php-fig/container",
            "keywords": [
                "PSR-11",
                "container",
                "container-interface",
                "container-interop",
                "psr"
            ],
            "support": {
                "issues": "https://github.com/php-fig/container/issues",
                "source": "https://github.com/php-fig/container/tree/2.0.2"
            },
            "time": "2021-11-05T16:47:00+00:00"
        },
        {
            "name": "psr/http-message",
            "version": "2.0",
            "source": {
                "type": "git",
                "url": "https://github.com/php-fig/http-message.git",
                "reference": "402d35bcb92c70c026d1a6a9883f06b2ead23d71"
            },
            "dist": {
                "type": "zip",
                "url": "https://api.github.com/repos/php-fig/http-message/zipball/402d35bcb92c70c026d1a6a9883f06b2ead23d71",
                "reference": "402d35bcb92c70c026d1a6a9883f06b2ead23d71",
                "shasum": ""
            },
            "require": {
                "php": "^7.2 || ^8.0"
            },
            "type": "library",
            "extra": {
                "branch-alias": {
                    "dev-master": "2.0.x-dev"
                }
            },
            "autoload": {
                "psr-4": {
                    "Psr\\Http\\Message\\": "src/"
                }
            },
            "notification-url": "https://packagist.org/downloads/",
            "license": [
                "MIT"
            ],
            "authors": [
                {
                    "name": "PHP-FIG",
                    "homepage": "https://www.php-fig.org/"
                }
            ],
            "description": "Common interface for HTTP messages",
            "homepage": "https://github.com/php-fig/http-message",
            "keywords": [
                "http",
                "http-message",
                "psr",
                "psr-7",
                "request",
                "response"
            ],
            "support": {
                "source": "https://github.com/php-fig/http-message/tree/2.0"
            },
            "time": "2023-04-04T09:54:51+00:00"
        },
        {
            "name": "psr/http-server-handler",
            "version": "1.0.2",
            "source": {
                "type": "git",
                "url": "https://github.com/php-fig/http-server-handler.git",
                "reference": "84c4fb66179be4caaf8e97bd239203245302e7d4"
            },
            "dist": {
                "type": "zip",
                "url": "https://api.github.com/repos/php-fig/http-server-handler/zipball/84c4fb66179be4caaf8e97bd239203245302e7d4",
                "reference": "84c4fb66179be4caaf8e97bd239203245302e7d4",
                "shasum": ""
            },
            "require": {
                "php": ">=7.0",
                "psr/http-message": "^1.0 || ^2.0"
            },
            "type": "library",
            "extra": {
                "branch-alias": {
                    "dev-master": "1.0.x-dev"
                }
            },
            "autoload": {
                "psr-4": {
                    "Psr\\Http\\Server\\": "src/"
                }
            },
            "notification-url": "https://packagist.org/downloads/",
            "license": [
                "MIT"
            ],
            "authors": [
                {
                    "name": "PHP-FIG",
                    "homepage": "https://www.php-fig.org/"
                }
            ],
            "description": "Common interface for HTTP server-side request handler",
            "keywords": [
                "handler",
                "http",
                "http-interop",
                "psr",
                "psr-15",
                "psr-7",
                "request",
                "response",
                "server"
            ],
            "support": {
                "source": "https://github.com/php-fig/http-server-handler/tree/1.0.2"
            },
            "time": "2023-04-10T20:06:20+00:00"
        },
        {
            "name": "psr/http-server-middleware",
            "version": "1.0.2",
            "source": {
                "type": "git",
                "url": "https://github.com/php-fig/http-server-middleware.git",
                "reference": "c1481f747daaa6a0782775cd6a8c26a1bf4a3829"
            },
            "dist": {
                "type": "zip",
                "url": "https://api.github.com/repos/php-fig/http-server-middleware/zipball/c1481f747daaa6a0782775cd6a8c26a1bf4a3829",
                "reference": "c1481f747daaa6a0782775cd6a8c26a1bf4a3829",
                "shasum": ""
            },
            "require": {
                "php": ">=7.0",
                "psr/http-message": "^1.0 || ^2.0",
                "psr/http-server-handler": "^1.0"
            },
            "type": "library",
            "extra": {
                "branch-alias": {
                    "dev-master": "1.0.x-dev"
                }
            },
            "autoload": {
                "psr-4": {
                    "Psr\\Http\\Server\\": "src/"
                }
            },
            "notification-url": "https://packagist.org/downloads/",
            "license": [
                "MIT"
            ],
            "authors": [
                {
                    "name": "PHP-FIG",
                    "homepage": "https://www.php-fig.org/"
                }
            ],
            "description": "Common interface for HTTP server-side middleware",
            "keywords": [
                "http",
                "http-interop",
                "middleware",
                "psr",
                "psr-15",
                "psr-7",
                "request",
                "response"
            ],
            "support": {
                "issues": "https://github.com/php-fig/http-server-middleware/issues",
                "source": "https://github.com/php-fig/http-server-middleware/tree/1.0.2"
            },
            "time": "2023-04-11T06:14:47+00:00"
        },
        {
            "name": "psr/simple-cache",
            "version": "3.0.0",
            "source": {
                "type": "git",
                "url": "https://github.com/php-fig/simple-cache.git",
                "reference": "764e0b3939f5ca87cb904f570ef9be2d78a07865"
            },
            "dist": {
                "type": "zip",
                "url": "https://api.github.com/repos/php-fig/simple-cache/zipball/764e0b3939f5ca87cb904f570ef9be2d78a07865",
                "reference": "764e0b3939f5ca87cb904f570ef9be2d78a07865",
                "shasum": ""
            },
            "require": {
                "php": ">=8.0.0"
            },
            "type": "library",
            "extra": {
                "branch-alias": {
                    "dev-master": "3.0.x-dev"
                }
            },
            "autoload": {
                "psr-4": {
                    "Psr\\SimpleCache\\": "src/"
                }
            },
            "notification-url": "https://packagist.org/downloads/",
            "license": [
                "MIT"
            ],
            "authors": [
                {
                    "name": "PHP-FIG",
                    "homepage": "https://www.php-fig.org/"
                }
            ],
            "description": "Common interfaces for simple caching",
            "keywords": [
                "cache",
                "caching",
                "psr",
                "psr-16",
                "simple-cache"
            ],
            "support": {
                "source": "https://github.com/php-fig/simple-cache/tree/3.0.0"
            },
            "time": "2021-10-29T13:26:27+00:00"
        },
        {
            "name": "swew/router",
            "version": "dev-main",
            "dist": {
                "type": "path",
                "url": "../router",
                "reference": "7fa55196b78b883084cf152afd5c5f7478f49864"
            },
            "require": {
                "nikic/fast-route": "^2.0@dev",
                "psr/http-server-middleware": "^1.0@dev"
            },
            "require-dev": {
                "carthage-software/mago": "^0.26.1",
                "phpstan/phpstan": "^2.1",
                "rector/rector": "^2.1",
                "swew/test": "*"
            },
            "type": "library",
            "autoload": {
                "psr-4": {
                    "Swew\\Router\\": "src/"
                },
                "files": [
                    "src/functions.php"
                ]
            },
            "scripts": {
                "post-package-install": [
                    "composer mago:install-binary"
                ],
                "mago:fmt": [
                    "mago fmt && mago lint --fix --potentially-unsafe --fmt"
                ],
                "mago:lint": [
                    "mago lint --minimum-level=note"
                ],
                "rector": [
                    "vendor/bin/rector process --no-ansi"
                ],
                "phpstan": [
                    "vendor/bin/phpstan analyse src tests --memory-limit=1G --level=3"
                ],
                "release": [
                    "composer qa"
                ],
                "test": [
                    "t"
                ],
                "qa": [
                    "composer mago:fmt",
                    "composer rector",
                    "composer test -- -short",
                    "composer mago:lint",
                    "composer phpstan"
                ]
            },
            "license": [
                "MIT"
            ],
            "authors": [
                {
                    "name": "AVIL13"
                }
            ],
            "description": "Router for best  php framework SWEW",
            "transport-options": {
                "symlink": true,
                "relative": true
            }
        }
    ],
    "packages-dev": [
        {
            "name": "carthage-software/mago",
            "version": "0.26.1",
            "source": {
                "type": "git",
                "url": "https://github.com/carthage-software/mago.git",
                "reference": "baad2c067e7be59af500683769b72ac356eac10f"
            },
            "dist": {
                "type": "zip",
                "url": "https://api.github.com/repos/carthage-software/mago/zipball/baad2c067e7be59af500683769b72ac356eac10f",
                "reference": "baad2c067e7be59af500683769b72ac356eac10f",
                "shasum": ""
            },
            "require": {
                "composer-plugin-api": "^2.6",
                "php": "~8.1 || ~8.2 || ~8.3 || ~8.4"
            },
            "require-dev": {
                "composer/composer": "^2.8"
            },
            "bin": [
                "composer/bin/mago"
            ],
            "type": "composer-plugin",
            "extra": {
                "class": "Mago\\MagoPlugin"
            },
            "autoload": {
                "psr-4": {
                    "Mago\\": "composer/"
                }
            },
            "notification-url": "https://packagist.org/downloads/",
            "license": [
                "MIT OR Apache-2.0"
            ],
            "authors": [
                {
                    "name": "Saif Eddin Gmati",
                    "email": "azjezz@carthage.software"
                }
            ],
            "description": "Mago is a toolchain for PHP that aims to provide a set of tools to help developers write better code.",
            "keywords": [
                "dev"
            ],
            "support": {
                "issues": "https://github.com/carthage-software/mago/issues",
                "source": "https://github.com/carthage-software/mago/tree/0.26.1"
            },
            "funding": [
                {
                    "url": "https://github.com/azjezz",
                    "type": "github"
                }
            ],
            "time": "2025-06-29T23:11:29+00:00"
        },
        {
            "name": "phpstan/phpstan",
            "version": "2.1.22",
            "source": {
                "type": "git",
                "url": "https://github.com/phpstan/phpstan.git",
                "reference": "41600c8379eb5aee63e9413fe9e97273e25d57e4"
            },
            "dist": {
                "type": "zip",
                "url": "https://api.github.com/repos/phpstan/phpstan/zipball/41600c8379eb5aee63e9413fe9e97273e25d57e4",
                "reference": "41600c8379eb5aee63e9413fe9e97273e25d57e4",
                "shasum": ""
            },
            "require": {
                "php": "^7.4|^8.0"
            },
            "conflict": {
                "phpstan/phpstan-shim": "*"
            },
            "bin": [
                "phpstan",
                "phpstan.phar"
            ],
            "type": "library",
            "autoload": {
                "files": [
                    "bootstrap.php"
                ]
            },
            "notification-url": "https://packagist.org/downloads/",
            "license": [
                "MIT"
            ],
            "description": "PHPStan - PHP Static Analysis Tool",
            "keywords": [
                "dev",
                "static analysis"
            ],
            "support": {
                "docs": "https://phpstan.org/user-guide/getting-started",
                "forum": "https://github.com/phpstan/phpstan/discussions",
                "issues": "https://github.com/phpstan/phpstan/issues",
                "security": "https://github.com/phpstan/phpstan/security/policy",
                "source": "https://github.com/phpstan/phpstan-src"
            },
            "funding": [
                {
                    "url": "https://github.com/ondrejmirtes",
                    "type": "github"
                },
                {
                    "url": "https://github.com/phpstan",
                    "type": "github"
                }
            ],
            "time": "2025-08-04T19:17:37+00:00"
        },
        {
            "name": "psalm/phar",
            "version": "5.26.1",
            "source": {
                "type": "git",
                "url": "https://github.com/psalm/phar.git",
                "reference": "8a38e7ad04499a0ccd2c506fd1da6fc01fff4547"
            },
            "dist": {
                "type": "zip",
                "url": "https://api.github.com/repos/psalm/phar/zipball/8a38e7ad04499a0ccd2c506fd1da6fc01fff4547",
                "reference": "8a38e7ad04499a0ccd2c506fd1da6fc01fff4547",
                "shasum": ""
            },
            "require": {
                "php": "^7.1 || ^8.0"
            },
            "conflict": {
                "vimeo/psalm": "*"
            },
            "bin": [
                "psalm.phar"
            ],
            "type": "library",
            "notification-url": "https://packagist.org/downloads/",
            "license": [
                "MIT"
            ],
            "description": "Composer-based Psalm Phar",
            "support": {
                "issues": "https://github.com/psalm/phar/issues",
                "source": "https://github.com/psalm/phar/tree/5.26.1"
            },
            "time": "2024-09-09T16:22:43+00:00"
        },
        {
            "name": "rector/rector",
            "version": "2.1.4",
            "source": {
                "type": "git",
                "url": "https://github.com/rectorphp/rector.git",
                "reference": "fe613c528819222f8686a9a037a315ef9d4915b3"
            },
            "dist": {
                "type": "zip",
                "url": "https://api.github.com/repos/rectorphp/rector/zipball/fe613c528819222f8686a9a037a315ef9d4915b3",
                "reference": "fe613c528819222f8686a9a037a315ef9d4915b3",
                "shasum": ""
            },
            "require": {
                "php": "^7.4|^8.0",
                "phpstan/phpstan": "^2.1.18"
            },
            "conflict": {
                "rector/rector-doctrine": "*",
                "rector/rector-downgrade-php": "*",
                "rector/rector-phpunit": "*",
                "rector/rector-symfony": "*"
            },
            "suggest": {
                "ext-dom": "To manipulate phpunit.xml via the custom-rule command"
            },
            "bin": [
                "bin/rector"
            ],
            "type": "library",
            "autoload": {
                "files": [
                    "bootstrap.php"
                ]
            },
            "notification-url": "https://packagist.org/downloads/",
            "license": [
                "MIT"
            ],
            "description": "Instant Upgrade and Automated Refactoring of any PHP code",
            "homepage": "https://getrector.com/",
            "keywords": [
                "automation",
                "dev",
                "migration",
                "refactoring"
            ],
            "support": {
                "issues": "https://github.com/rectorphp/rector/issues",
                "source": "https://github.com/rectorphp/rector/tree/2.1.4"
            },
            "funding": [
                {
                    "url": "https://github.com/tomasvotruba",
                    "type": "github"
                }
            ],
            "time": "2025-08-15T14:41:36+00:00"
        },
        {
            "name": "swew/cli",
            "version": "v1.2.0",
            "source": {
                "type": "git",
                "url": "https://github.com/swew-app/cli.git",
                "reference": "b6359564af15a642d6ec19ce7f2944ee554d16e5"
            },
            "dist": {
                "type": "zip",
                "url": "https://api.github.com/repos/swew-app/cli/zipball/b6359564af15a642d6ec19ce7f2944ee554d16e5",
                "reference": "b6359564af15a642d6ec19ce7f2944ee554d16e5",
                "shasum": ""
            },
            "require": {
                "php": ">=8.3"
            },
            "require-dev": {
                "laravel/pint": "1.21.2",
                "phpstan/phpstan": "^1.12.23",
                "psalm/phar": "^6.9.6",
                "swew/dd": "^1.4.2",
                "swew/test.phar": "^1.6.2"
            },
            "type": "library",
            "autoload": {
                "files": [
                    "src/Functions/Functions.php"
                ],
                "psr-4": {
                    "Swew\\Cli\\": "src/"
                },
                "exclude-from-classmap": [
                    "spec",
                    "/Tests/",
                    "/test/",
                    "/tests/"
                ]
            },
            "notification-url": "https://packagist.org/downloads/",
            "license": [
                "MIT"
            ],
            "authors": [
                {
                    "name": "AVIL13",
                    "email": "avil@swew.app"
                }
            ],
            "description": "SWEW/CLI: A PHP package for streamlined command line interface (CLI) development, providing an intuitive API for creating custom commands, handling input/output, and executing command logic effortlessly. Simplify your CLI application development with rapid development.",
            "keywords": [
                "cli",
                "command-line",
                "console",
                "formatting",
                "input",
                "output",
                "program",
                "prompt",
                "terminal",
                "utility"
            ],
            "support": {
                "issues": "https://github.com/swew-app/cli/issues",
                "source": "https://github.com/swew-app/cli/tree/v1.2.0"
            },
            "time": "2025-03-29T06:44:14+00:00"
        },
        {
            "name": "swew/dd",
            "version": "dev-main",
            "dist": {
                "type": "path",
                "url": "../dd",
                "reference": "afcb52970e149fd5d01dd2916d1e3a95f841e1c0"
            },
            "type": "library",
            "autoload": {
                "files": [
                    "src/dd.php"
                ]
            },
            "license": [
                "MIT"
            ],
            "authors": [
                {
                    "name": "AVIL13",
                    "email": "avil@swew.app"
                }
            ],
            "description": "The simplest way to debug variables. As in Laravel.",
            "transport-options": {
                "symlink": true,
                "relative": true
            }
        },
        {
            "name": "swew/test",
            "version": "dev-master",
            "dist": {
                "type": "path",
                "url": "../test",
                "reference": "1b8ff15c2bd1c715edd6cb54bb26dd235ca34715"
            },
            "require": {
                "ext-json": "*",
                "ext-mbstring": "*",
                "ext-pcntl": "*",
                "php": ">=8.1",
                "swew/cli": "*",
                "swew/dd": "*"
            },
            "require-dev": {
                "laravel/pint": "v1.10.0",
                "phpstan/phpstan": "^1.10.54",
                "psalm/phar": "5.10.0"
            },
            "bin": [
                "bin/t",
                "bin/pest"
            ],
            "type": "library",
            "autoload": {
                "psr-4": {
                    "Swew\\Test\\": "src/"
                },
                "files": [
                    "src/Functions.php"
                ],
                "exclude-from-classmap": [
                    "spec",
                    "/Tests/",
                    "/test/",
                    "/tests/"
                ]
            },
            "archive": {
                "exclude": [
                    "tests",
                    "swew.json"
                ]
            },
            "scripts": {
                "test": [
                    "t"
                ],
                "static": [
                    "./vendor/psalm/phar/psalm.phar --no-cache"
                ],
                "stan": [
                    "vendor/bin/phpstan analyse src --level=3"
                ],
                "code-check": [
                    "./vendor/bin/pint"
                ],
                "check": [
                    "@static",
                    "@stan",
                    "@code-check"
                ]
            },
            "license": [
                "MIT"
            ],
            "authors": [
                {
                    "name": "AVIL13",
                    "email": "avil@swew.app"
                }
            ],
            "description": "A test framework that is designed to fix the fatal flaw of other test frameworks.",
            "keywords": [
                "TDD",
                "fast",
                "informative interface",
                "lightweight",
                "testing"
            ],
            "transport-options": {
                "symlink": true,
                "relative": true
            }
        }
    ],
    "aliases": [],
    "minimum-stability": "dev",
    "stability-flags": {
        "psr/http-server-middleware": 20
    },
    "prefer-stable": true,
    "prefer-lowest": false,
    "platform": {
        "ext-json": "*",
        "php": ">=8.4"
    },
    "platform-dev": {},
    "plugin-api-version": "2.6.0"
}
