{
    "_readme": [
        "This file locks the dependencies of your project to a known state",
        "Read more about it at https://getcomposer.org/doc/01-basic-usage.md#installing-dependencies",
        "This file is @generated automatically"
    ],
    "content-hash": "9e2b308d844940347583b3190e1aa943",
    "packages": [
        {
            "name": "nikic/fast-route",
            "version": "v1.3.0",
            "source": {
                "type": "git",
                "url": "https://github.com/nikic/FastRoute.git",
                "reference": "181d480e08d9476e61381e04a71b34dc0432e812"
            },
            "dist": {
                "type": "zip",
                "url": "https://api.github.com/repos/nikic/FastRoute/zipball/181d480e08d9476e61381e04a71b34dc0432e812",
                "reference": "181d480e08d9476e61381e04a71b34dc0432e812",
                "shasum": ""
            },
            "require": {
                "php": ">=5.4.0"
            },
            "require-dev": {
                "phpunit/phpunit": "^4.8.35|~5.7"
            },
            "type": "library",
            "autoload": {
                "files": [
                    "src/functions.php"
                ],
                "psr-4": {
                    "FastRoute\\": "src/"
                }
            },
            "notification-url": "https://packagist.org/downloads/",
            "license": [
                "BSD-3-Clause"
            ],
            "authors": [
                {
                    "name": "Nikita Popov",
                    "email": "nikic@php.net"
                }
            ],
            "description": "Fast request router for PHP",
            "keywords": [
                "router",
                "routing"
            ],
            "support": {
                "issues": "https://github.com/nikic/FastRoute/issues",
                "source": "https://github.com/nikic/FastRoute/tree/master"
            },
            "time": "2018-02-13T20:26:39+00:00"
        },
        {
            "name": "psr/container",
            "version": "2.0.2",
            "source": {
                "type": "git",
                "url": "https://github.com/php-fig/container.git",
                "reference": "c71ecc56dfe541dbd90c5360474fbc405f8d5963"
            },
            "dist": {
                "type": "zip",
                "url": "https://api.github.com/repos/php-fig/container/zipball/c71ecc56dfe541dbd90c5360474fbc405f8d5963",
                "reference": "c71ecc56dfe541dbd90c5360474fbc405f8d5963",
                "shasum": ""
            },
            "require": {
                "php": ">=7.4.0"
            },
            "type": "library",
            "extra": {
                "branch-alias": {
                    "dev-master": "2.0.x-dev"
                }
            },
            "autoload": {
                "psr-4": {
                    "Psr\\Container\\": "src/"
                }
            },
            "notification-url": "https://packagist.org/downloads/",
            "license": [
                "MIT"
            ],
            "authors": [
                {
                    "name": "PHP-FIG",
                    "homepage": "https://www.php-fig.org/"
                }
            ],
            "description": "Common Container Interface (PHP FIG PSR-11)",
            "homepage": "https://github.com/php-fig/container",
            "keywords": [
                "PSR-11",
                "container",
                "container-interface",
                "container-interop",
                "psr"
            ],
            "support": {
                "issues": "https://github.com/php-fig/container/issues",
                "source": "https://github.com/php-fig/container/tree/2.0.2"
            },
            "time": "2021-11-05T16:47:00+00:00"
        },
        {
            "name": "psr/http-message",
            "version": "1.1",
            "source": {
                "type": "git",
                "url": "https://github.com/php-fig/http-message.git",
                "reference": "cb6ce4845ce34a8ad9e68117c10ee90a29919eba"
            },
            "dist": {
                "type": "zip",
                "url": "https://api.github.com/repos/php-fig/http-message/zipball/cb6ce4845ce34a8ad9e68117c10ee90a29919eba",
                "reference": "cb6ce4845ce34a8ad9e68117c10ee90a29919eba",
                "shasum": ""
            },
            "require": {
                "php": "^7.2 || ^8.0"
            },
            "type": "library",
            "extra": {
                "branch-alias": {
                    "dev-master": "1.1.x-dev"
                }
            },
            "autoload": {
                "psr-4": {
                    "Psr\\Http\\Message\\": "src/"
                }
            },
            "notification-url": "https://packagist.org/downloads/",
            "license": [
                "MIT"
            ],
            "authors": [
                {
                    "name": "PHP-FIG",
                    "homepage": "http://www.php-fig.org/"
                }
            ],
            "description": "Common interface for HTTP messages",
            "homepage": "https://github.com/php-fig/http-message",
            "keywords": [
                "http",
                "http-message",
                "psr",
                "psr-7",
                "request",
                "response"
            ],
            "support": {
                "source": "https://github.com/php-fig/http-message/tree/1.1"
            },
            "time": "2023-04-04T09:50:52+00:00"
        },
        {
            "name": "psr/http-server-handler",
            "version": "1.0.2",
            "source": {
                "type": "git",
                "url": "https://github.com/php-fig/http-server-handler.git",
                "reference": "84c4fb66179be4caaf8e97bd239203245302e7d4"
            },
            "dist": {
                "type": "zip",
                "url": "https://api.github.com/repos/php-fig/http-server-handler/zipball/84c4fb66179be4caaf8e97bd239203245302e7d4",
                "reference": "84c4fb66179be4caaf8e97bd239203245302e7d4",
                "shasum": ""
            },
            "require": {
                "php": ">=7.0",
                "psr/http-message": "^1.0 || ^2.0"
            },
            "type": "library",
            "extra": {
                "branch-alias": {
                    "dev-master": "1.0.x-dev"
                }
            },
            "autoload": {
                "psr-4": {
                    "Psr\\Http\\Server\\": "src/"
                }
            },
            "notification-url": "https://packagist.org/downloads/",
            "license": [
                "MIT"
            ],
            "authors": [
                {
                    "name": "PHP-FIG",
                    "homepage": "https://www.php-fig.org/"
                }
            ],
            "description": "Common interface for HTTP server-side request handler",
            "keywords": [
                "handler",
                "http",
                "http-interop",
                "psr",
                "psr-15",
                "psr-7",
                "request",
                "response",
                "server"
            ],
            "support": {
                "source": "https://github.com/php-fig/http-server-handler/tree/1.0.2"
            },
            "time": "2023-04-10T20:06:20+00:00"
        },
        {
            "name": "psr/http-server-middleware",
            "version": "1.0.2",
            "source": {
                "type": "git",
                "url": "https://github.com/php-fig/http-server-middleware.git",
                "reference": "c1481f747daaa6a0782775cd6a8c26a1bf4a3829"
            },
            "dist": {
                "type": "zip",
                "url": "https://api.github.com/repos/php-fig/http-server-middleware/zipball/c1481f747daaa6a0782775cd6a8c26a1bf4a3829",
                "reference": "c1481f747daaa6a0782775cd6a8c26a1bf4a3829",
                "shasum": ""
            },
            "require": {
                "php": ">=7.0",
                "psr/http-message": "^1.0 || ^2.0",
                "psr/http-server-handler": "^1.0"
            },
            "type": "library",
            "extra": {
                "branch-alias": {
                    "dev-master": "1.0.x-dev"
                }
            },
            "autoload": {
                "psr-4": {
                    "Psr\\Http\\Server\\": "src/"
                }
            },
            "notification-url": "https://packagist.org/downloads/",
            "license": [
                "MIT"
            ],
            "authors": [
                {
                    "name": "PHP-FIG",
                    "homepage": "https://www.php-fig.org/"
                }
            ],
            "description": "Common interface for HTTP server-side middleware",
            "keywords": [
                "http",
                "http-interop",
                "middleware",
                "psr",
                "psr-15",
                "psr-7",
                "request",
                "response"
            ],
            "support": {
                "issues": "https://github.com/php-fig/http-server-middleware/issues",
                "source": "https://github.com/php-fig/http-server-middleware/tree/1.0.2"
            },
            "time": "2023-04-11T06:14:47+00:00"
        },
        {
            "name": "rakit/validation",
            "version": "v1.4.0",
            "source": {
                "type": "git",
                "url": "https://github.com/rakit/validation.git",
                "reference": "ff003a35cdf5030a5f2482299f4c93f344a35b29"
            },
            "dist": {
                "type": "zip",
                "url": "https://api.github.com/repos/rakit/validation/zipball/ff003a35cdf5030a5f2482299f4c93f344a35b29",
                "reference": "ff003a35cdf5030a5f2482299f4c93f344a35b29",
                "shasum": ""
            },
            "require": {
                "ext-mbstring": "*",
                "php": ">=7.0"
            },
            "require-dev": {
                "php-coveralls/php-coveralls": "^2.2",
                "phpunit/phpunit": "^6.5",
                "squizlabs/php_codesniffer": "^3"
            },
            "type": "library",
            "autoload": {
                "psr-4": {
                    "Rakit\\Validation\\": "src"
                }
            },
            "notification-url": "https://packagist.org/downloads/",
            "license": [
                "MIT"
            ],
            "authors": [
                {
                    "name": "Muhammad Syifa",
                    "email": "emsifa@gmail.com"
                }
            ],
            "description": "PHP Laravel like standalone validation library",
            "support": {
                "issues": "https://github.com/rakit/validation/issues",
                "source": "https://github.com/rakit/validation/tree/v1.4.0"
            },
            "time": "2020-08-27T05:07:01+00:00"
        }
    ],
    "packages-dev": [
        {
            "name": "laravel/pint",
            "version": "v1.10.0",
            "source": {
                "type": "git",
                "url": "https://github.com/laravel/pint.git",
                "reference": "c7a01fa9bdd79819e7a2f1ba63ac1b02e6692dbc"
            },
            "dist": {
                "type": "zip",
                "url": "https://api.github.com/repos/laravel/pint/zipball/c7a01fa9bdd79819e7a2f1ba63ac1b02e6692dbc",
                "reference": "c7a01fa9bdd79819e7a2f1ba63ac1b02e6692dbc",
                "shasum": ""
            },
            "require": {
                "ext-json": "*",
                "ext-mbstring": "*",
                "ext-tokenizer": "*",
                "ext-xml": "*",
                "php": "^8.1.0"
            },
            "require-dev": {
                "friendsofphp/php-cs-fixer": "^3.16.0",
                "illuminate/view": "^10.5.1",
                "laravel-zero/framework": "^10.0.2",
                "mockery/mockery": "^1.5.1",
                "nunomaduro/larastan": "^2.5.1",
                "nunomaduro/termwind": "^1.15.1",
                "pestphp/pest": "^2.4.0"
            },
            "bin": [
                "builds/pint"
            ],
            "type": "project",
            "autoload": {
                "psr-4": {
                    "App\\": "app/",
                    "Database\\Seeders\\": "database/seeders/",
                    "Database\\Factories\\": "database/factories/"
                }
            },
            "notification-url": "https://packagist.org/downloads/",
            "license": [
                "MIT"
            ],
            "authors": [
                {
                    "name": "Nuno Maduro",
                    "email": "enunomaduro@gmail.com"
                }
            ],
            "description": "An opinionated code formatter for PHP.",
            "homepage": "https://laravel.com",
            "keywords": [
                "format",
                "formatter",
                "lint",
                "linter",
                "php"
            ],
            "support": {
                "issues": "https://github.com/laravel/pint/issues",
                "source": "https://github.com/laravel/pint"
            },
            "time": "2023-04-25T14:52:30+00:00"
        },
        {
            "name": "phpstan/phpstan",
            "version": "1.10.54",
            "source": {
                "type": "git",
                "url": "https://github.com/phpstan/phpstan.git",
                "reference": "3e25f279dada0adc14ffd7bad09af2e2fc3523bb"
            },
            "dist": {
                "type": "zip",
                "url": "https://api.github.com/repos/phpstan/phpstan/zipball/3e25f279dada0adc14ffd7bad09af2e2fc3523bb",
                "reference": "3e25f279dada0adc14ffd7bad09af2e2fc3523bb",
                "shasum": ""
            },
            "require": {
                "php": "^7.2|^8.0"
            },
            "conflict": {
                "phpstan/phpstan-shim": "*"
            },
            "bin": [
                "phpstan",
                "phpstan.phar"
            ],
            "type": "library",
            "autoload": {
                "files": [
                    "bootstrap.php"
                ]
            },
            "notification-url": "https://packagist.org/downloads/",
            "license": [
                "MIT"
            ],
            "description": "PHPStan - PHP Static Analysis Tool",
            "keywords": [
                "dev",
                "static analysis"
            ],
            "support": {
                "docs": "https://phpstan.org/user-guide/getting-started",
                "forum": "https://github.com/phpstan/phpstan/discussions",
                "issues": "https://github.com/phpstan/phpstan/issues",
                "security": "https://github.com/phpstan/phpstan/security/policy",
                "source": "https://github.com/phpstan/phpstan-src"
            },
            "funding": [
                {
                    "url": "https://github.com/ondrejmirtes",
                    "type": "github"
                },
                {
                    "url": "https://github.com/phpstan",
                    "type": "github"
                },
                {
                    "url": "https://tidelift.com/funding/github/packagist/phpstan/phpstan",
                    "type": "tidelift"
                }
            ],
            "time": "2024-01-05T15:50:47+00:00"
        },
        {
            "name": "psalm/phar",
            "version": "5.18.0",
            "source": {
                "type": "git",
                "url": "https://github.com/psalm/phar.git",
                "reference": "a78b5c2e8860c3b4242c63bc0864621278705f9a"
            },
            "dist": {
                "type": "zip",
                "url": "https://api.github.com/repos/psalm/phar/zipball/a78b5c2e8860c3b4242c63bc0864621278705f9a",
                "reference": "a78b5c2e8860c3b4242c63bc0864621278705f9a",
                "shasum": ""
            },
            "require": {
                "php": "^7.1 || ^8.0"
            },
            "conflict": {
                "vimeo/psalm": "*"
            },
            "bin": [
                "psalm.phar"
            ],
            "type": "library",
            "notification-url": "https://packagist.org/downloads/",
            "license": [
                "MIT"
            ],
            "description": "Composer-based Psalm Phar",
            "support": {
                "issues": "https://github.com/psalm/phar/issues",
                "source": "https://github.com/psalm/phar/tree/5.18.0"
            },
            "time": "2023-12-16T09:41:14+00:00"
        },
        {
            "name": "swew/cli",
            "version": "v1.1.17",
            "source": {
                "type": "git",
                "url": "https://github.com/swew-app/cli.git",
                "reference": "f01b44b6b3458e1661b4add5b31c93654ed4b60f"
            },
            "dist": {
                "type": "zip",
                "url": "https://api.github.com/repos/swew-app/cli/zipball/f01b44b6b3458e1661b4add5b31c93654ed4b60f",
                "reference": "f01b44b6b3458e1661b4add5b31c93654ed4b60f",
                "shasum": ""
            },
            "require": {
                "php": ">=8.1"
            },
            "require-dev": {
                "laravel/pint": "1.9.0",
                "phpstan/phpstan": "^1.10.53",
                "psalm/phar": "^5.18.0",
                "swew/dd": "^1.3.1",
                "swew/test.phar": "^1.5.13"
            },
            "type": "library",
            "autoload": {
                "files": [
                    "src/Functions/Functions.php"
                ],
                "psr-4": {
                    "Swew\\Cli\\": "src/"
                },
                "exclude-from-classmap": [
                    "spec",
                    "/Tests/",
                    "/test/",
                    "/tests/"
                ]
            },
            "notification-url": "https://packagist.org/downloads/",
            "license": [
                "MIT"
            ],
            "authors": [
                {
                    "name": "AVIL13",
                    "email": "avil@swew.app"
                }
            ],
            "description": "SWEW/CLI: A PHP package for streamlined command line interface (CLI) development, providing an intuitive API for creating custom commands, handling input/output, and executing command logic effortlessly. Simplify your CLI application development with rapid development.",
            "keywords": [
                "cli",
                "command-line",
                "console",
                "formatting",
                "input",
                "output",
                "program",
                "prompt",
                "terminal",
                "utility"
            ],
            "support": {
                "issues": "https://github.com/swew-app/cli/issues",
                "source": "https://github.com/swew-app/cli/tree/v1.1.17"
            },
            "time": "2024-01-05T18:39:45+00:00"
        },
        {
            "name": "swew/dd",
            "version": "v1.3.1",
            "source": {
                "type": "git",
                "url": "https://github.com/swew-app/dd.git",
                "reference": "184e62b6dcb302531bdd192e253fc692b60ef9f2"
            },
            "dist": {
                "type": "zip",
                "url": "https://api.github.com/repos/swew-app/dd/zipball/184e62b6dcb302531bdd192e253fc692b60ef9f2",
                "reference": "184e62b6dcb302531bdd192e253fc692b60ef9f2",
                "shasum": ""
            },
            "type": "library",
            "autoload": {
                "files": [
                    "src/dd.php"
                ]
            },
            "notification-url": "https://packagist.org/downloads/",
            "license": [
                "MIT"
            ],
            "authors": [
                {
                    "name": "AVIL13",
                    "email": "avil@swew.app"
                }
            ],
            "description": "The simplest way to debug variables. As in Laravel.",
            "support": {
                "issues": "https://github.com/swew-app/dd/issues",
                "source": "https://github.com/swew-app/dd/tree/v1.3.1"
            },
            "time": "2023-07-30T13:55:18+00:00"
        },
        {
            "name": "swew/test",
            "version": "v1.5.16",
            "source": {
                "type": "git",
                "url": "https://github.com/swew-app/test.git",
                "reference": "26eaf53cc23a5ad105b943e84831a4d4d2f239e2"
            },
            "dist": {
                "type": "zip",
                "url": "https://api.github.com/repos/swew-app/test/zipball/26eaf53cc23a5ad105b943e84831a4d4d2f239e2",
                "reference": "26eaf53cc23a5ad105b943e84831a4d4d2f239e2",
                "shasum": ""
            },
            "require": {
                "ext-json": "*",
                "php": ">=8.1",
                "swew/cli": "^1.1.17",
                "swew/dd": "^1.3.1"
            },
            "require-dev": {
                "laravel/pint": "v1.10.0",
                "phpstan/phpstan": "^1.10.54",
                "psalm/phar": "5.10.0"
            },
            "bin": [
                "bin/t"
            ],
            "type": "library",
            "autoload": {
                "files": [
                    "src/Functions.php"
                ],
                "psr-4": {
                    "Swew\\Test\\": "src/"
                },
                "exclude-from-classmap": [
                    "spec",
                    "/Tests/",
                    "/test/",
                    "/tests/"
                ]
            },
            "notification-url": "https://packagist.org/downloads/",
            "license": [
                "MIT"
            ],
            "authors": [
                {
                    "name": "AVIL13",
                    "email": "avil@swew.app"
                }
            ],
            "description": "A test framework that is designed to fix the fatal flaw of other test frameworks.",
            "keywords": [
                "TDD",
                "fast",
                "informative interface",
                "lightweight",
                "testing"
            ],
            "support": {
                "issues": "https://github.com/swew-app/test/issues",
                "source": "https://github.com/swew-app/test/tree/v1.5.16"
            },
            "time": "2024-01-07T15:05:20+00:00"
        }
    ],
    "aliases": [],
    "minimum-stability": "stable",
    "stability-flags": [],
    "prefer-stable": false,
    "prefer-lowest": false,
    "platform": {
        "php": ">=8.2"
    },
    "platform-dev": [],
    "plugin-api-version": "2.6.0"
}
